<?xml version="1.0" encoding="utf-8"?>
<Project ToolsVersion="4.0" xmlns="http://schemas.microsoft.com/developer/msbuild/2003">
  <ItemGroup>
    <Filter Include="Исходные файлы">
      <UniqueIdentifier>{4FC737F1-C7A5-4376-A066-2A32D752A2FF}</UniqueIdentifier>
      <Extensions>cpp;c;cc;cxx;c++;def;odl;idl;hpj;bat;asm;asmx</Extensions>
    </Filter>
    <Filter Include="Файлы заголовков">
      <UniqueIdentifier>{93995380-89BD-4b04-88EB-625FBE52EBFB}</UniqueIdentifier>
      <Extensions>h;hh;hpp;hxx;h++;hm;inl;inc;ipp;xsd</Extensions>
    </Filter>
    <Filter Include="Файлы ресурсов">
      <UniqueIdentifier>{67DA6AB6-F800-4c08-8B7A-83BB121AAD01}</UniqueIdentifier>
      <Extensions>rc;ico;cur;bmp;dlg;rc2;rct;bin;rgs;gif;jpg;jpeg;jpe;resx;tiff;tif;png;wav;mfcribbon-ms</Extensions>
    </Filter>
    <Filter Include="application">
      <UniqueIdentifier>{1806f3eb-9023-4aa7-8868-a4f513685e17}</UniqueIdentifier>
    </Filter>
    <Filter Include="GPGPU">
      <UniqueIdentifier>{06960dff-a81e-4ebf-94e5-36d1fdd3cbf0}</UniqueIdentifier>
    </Filter>
    <Filter Include="application\Dialogs">
      <UniqueIdentifier>{61551902-6e0f-4211-b6ac-eb4636779467}</UniqueIdentifier>
    </Filter>
    <Filter Include="application\wnd">
      <UniqueIdentifier>{3bddd573-1020-4af6-9da1-24adba18995d}</UniqueIdentifier>
    </Filter>
    <Filter Include="application\wnd\MDI">
      <UniqueIdentifier>{916d92a7-b5cd-4a80-8af9-f28fcb0e14ac}</UniqueIdentifier>
    </Filter>
    <Filter Include="kernel">
      <UniqueIdentifier>{f2921ed2-8b99-4d61-877f-bb3309cc2ef2}</UniqueIdentifier>
    </Filter>
  </ItemGroup>
  <ItemGroup>
    <ClCompile Include="main.cpp">
      <Filter>Исходные файлы</Filter>
    </ClCompile>
    <ClCompile Include="OpenCLHost.cpp">
      <Filter>GPGPU</Filter>
    </ClCompile>
    <ClCompile Include="Proportions.cpp">
      <Filter>application</Filter>
    </ClCompile>
    <ClCompile Include="OpenCLConnection.cpp">
      <Filter>GPGPU</Filter>
    </ClCompile>
    <ClCompile Include="CDialogCreateOpenCLWnd.cpp">
      <Filter>application\Dialogs</Filter>
    </ClCompile>
    <ClCompile Include="CDialogOpenCLConfiguration.cpp">
      <Filter>application\Dialogs</Filter>
    </ClCompile>
    <ClCompile Include="CDigitalHologramDoc.cpp">
      <Filter>application\wnd\MDI</Filter>
    </ClCompile>
    <ClCompile Include="CDigitalHologramView.cpp">
      <Filter>application\wnd\MDI</Filter>
    </ClCompile>
    <ClCompile Include="OpenCLWnd.cpp">
      <Filter>application\wnd\MDI</Filter>
    </ClCompile>
    <ClCompile Include="OpenCLHostInfo.cpp">
      <Filter>GPGPU</Filter>
    </ClCompile>
    <ClCompile Include="HologramMainWnd.cpp">
      <Filter>application\wnd</Filter>
    </ClCompile>
    <ClCompile Include="OpenCLExec.cpp">
      <Filter>GPGPU</Filter>
    </ClCompile>
  </ItemGroup>
  <ItemGroup>
    <ClInclude Include="Proportions.h">
      <Filter>application</Filter>
    </ClInclude>
    <ClInclude Include="OpenCLHost.h">
      <Filter>GPGPU</Filter>
    </ClInclude>
    <ClInclude Include="OpenCLConnection.h">
      <Filter>GPGPU</Filter>
    </ClInclude>
    <ClInclude Include="resource.h">
      <Filter>Файлы заголовков</Filter>
    </ClInclude>
    <ClInclude Include="main.h">
      <Filter>Исходные файлы</Filter>
    </ClInclude>
    <ClInclude Include="stdafx.h">
      <Filter>Файлы заголовков</Filter>
    </ClInclude>
    <ClInclude Include="CDialogCreateOpenCLWnd.h">
      <Filter>application\Dialogs</Filter>
    </ClInclude>
    <ClInclude Include="CDialogOpenCLConfiguration.h">
      <Filter>application\Dialogs</Filter>
    </ClInclude>
    <ClInclude Include="CDigitalHologramDoc.h">
      <Filter>application\wnd\MDI</Filter>
    </ClInclude>
    <ClInclude Include="CDigitalHologramView.h">
      <Filter>application\wnd\MDI</Filter>
    </ClInclude>
    <ClInclude Include="OpenCLWnd.h">
      <Filter>application\wnd\MDI</Filter>
    </ClInclude>
    <ClInclude Include="OpenCLHostInfo.h">
      <Filter>GPGPU</Filter>
    </ClInclude>
    <ClInclude Include="HologramMainWnd.h">
      <Filter>application\wnd</Filter>
    </ClInclude>
    <ClInclude Include="OpenCLExec.h">
      <Filter>GPGPU</Filter>
    </ClInclude>
  </ItemGroup>
  <ItemGroup>
    <ResourceCompile Include="graduation-project.rc">
      <Filter>Файлы ресурсов</Filter>
    </ResourceCompile>
  </ItemGroup>
  <ItemGroup>
    <Image Include="toolbar1.bmp">
      <Filter>Файлы ресурсов</Filter>
    </Image>
    <Image Include="Toolbar256.bmp">
      <Filter>Файлы ресурсов</Filter>
    </Image>
    <Image Include="bitmap2.bmp">
      <Filter>Файлы ресурсов</Filter>
    </Image>
    <Image Include="toolbar2.bmp">
      <Filter>Файлы ресурсов</Filter>
    </Image>
    <Image Include="Toolbar.bmp">
      <Filter>Файлы ресурсов</Filter>
    </Image>
  </ItemGroup>
  <ItemGroup>
    <None Include="idr_main.bin">
      <Filter>Файлы ресурсов</Filter>
    </None>
    <None Include="first.cl">
      <Filter>kernel</Filter>
    </None>
  </ItemGroup>
</Project>